
Microsoft Visual Studio Solution File, Format Version 12.00
# Visual Studio Version 17
VisualStudioVersion = 17.5.33530.505
MinimumVisualStudioVersion = 10.0.40219.1
Project("{FAE04EC0-301F-11D3-BF4B-00C04F79EFBC}") = "ScoreCard", "ScoreCard\ScoreCard.csproj", "{EB41EA1A-B236-4730-A6C6-6463F68936B9}"
EndProject
Global
	GlobalSection(SolutionConfigurationPlatforms) = preSolution
		Debug|Any CPU = Debug|Any CPU
		Release|Any CPU = Release|Any CPU
	EndGlobalSection
	GlobalSection(ProjectConfigurationPlatforms) = postSolution
		{EB41EA1A-B236-4730-A6C6-6463F68936B9}.Debug|Any CPU.ActiveCfg = Debug|Any CPU
		{EB41EA1A-B236-4730-A6C6-6463F68936B9}.Debug|Any CPU.Build.0 = Debug|Any CPU
		{EB41EA1A-B236-4730-A6C6-6463F68936B9}.Release|Any CPU.ActiveCfg = Release|Any CPU
		{EB41EA1A-B236-4730-A6C6-6463F68936B9}.Release|Any CPU.Build.0 = Release|Any CPU
	EndGlobalSection
	GlobalSection(SolutionProperties) = preSolution
		HideSolutionNode = FALSE
	EndGlobalSection
	GlobalSection(ExtensibilityGlobals) = postSolution
		SolutionGuid = {524E724A-02F7-4BCB-A494-A9AB92B50B6E}
	EndGlobalSection
EndGlobal
